
Microsoft Visual Studio Solution File, Format Version 12.00
# Visual Studio Version 17
VisualStudioVersion = 17.8.34316.72
MinimumVisualStudioVersion = 10.0.40219.1
Project("{FAE04EC0-301F-11D3-BF4B-00C04F79EFBC}") = "ControlePonto", "ControlePonto.csproj", "{4564AD9E-1A3D-4A10-B397-F0329EED8117}"
EndProject
Global
	GlobalSection(SolutionConfigurationPlatforms) = preSolution
		Debug|Any CPU = Debug|Any CPU
		Release|Any CPU = Release|Any CPU
	EndGlobalSection
	GlobalSection(ProjectConfigurationPlatforms) = postSolution
		{4564AD9E-1A3D-4A10-B397-F0329EED8117}.Debug|Any CPU.ActiveCfg = Debug|Any CPU
		{4564AD9E-1A3D-4A10-B397-F0329EED8117}.Debug|Any CPU.Build.0 = Debug|Any CPU
		{4564AD9E-1A3D-4A10-B397-F0329EED8117}.Release|Any CPU.ActiveCfg = Release|Any CPU
		{4564AD9E-1A3D-4A10-B397-F0329EED8117}.Release|Any CPU.Build.0 = Release|Any CPU
	EndGlobalSection
	GlobalSection(SolutionProperties) = preSolution
		HideSolutionNode = FALSE
	EndGlobalSection
	GlobalSection(ExtensibilityGlobals) = postSolution
		SolutionGuid = {A22F1CF5-D130-4598-B5F0-027526E9AF2B}
	EndGlobalSection
EndGlobal
